
Microsoft Visual Studio Solution File, Format Version 12.00
# Visual Studio 2012
Project("{8BC9CEB8-8B4A-11D0-8D11-00A0C91BC942}") = "Assignment1", "Assignment1.vcxproj", "{B35C8C49-CB51-4BC9-899D-79FFDF25D0D6}"
EndProject
Project("{8BC9CEB8-8B4A-11D0-8D11-00A0C91BC942}") = "BattleUnitTest", "..\..\BattleUnitTest\BattleUnitTest.vcxproj", "{494D6E25-A9C1-450E-9FCF-681230A303A9}"
EndProject
Global
	GlobalSection(SolutionConfigurationPlatforms) = preSolution
		Debug|Win32 = Debug|Win32
		Release|Win32 = Release|Win32
	EndGlobalSection
	GlobalSection(ProjectConfigurationPlatforms) = postSolution
		{B35C8C49-CB51-4BC9-899D-79FFDF25D0D6}.Debug|Win32.ActiveCfg = Debug|Win32
		{B35C8C49-CB51-4BC9-899D-79FFDF25D0D6}.Debug|Win32.Build.0 = Debug|Win32
		{B35C8C49-CB51-4BC9-899D-79FFDF25D0D6}.Release|Win32.ActiveCfg = Release|Win32
		{B35C8C49-CB51-4BC9-899D-79FFDF25D0D6}.Release|Win32.Build.0 = Release|Win32
		{494D6E25-A9C1-450E-9FCF-681230A303A9}.Debug|Win32.ActiveCfg = Debug|Win32
		{494D6E25-A9C1-450E-9FCF-681230A303A9}.Debug|Win32.Build.0 = Debug|Win32
		{494D6E25-A9C1-450E-9FCF-681230A303A9}.Release|Win32.ActiveCfg = Release|Win32
		{494D6E25-A9C1-450E-9FCF-681230A303A9}.Release|Win32.Build.0 = Release|Win32
	EndGlobalSection
	GlobalSection(SolutionProperties) = preSolution
		HideSolutionNode = FALSE
	EndGlobalSection
EndGlobal
